// !$*UTF8*$!
{
	archiveVersion = 1;
	classes = {
	};
	objectVersion = 46;
	objects = {

/* Begin PBXBuildFile section */
		2813B221188E04DB00845843 /* TagIndex.m in Sources */ = {isa = PBXBuildFile; fileRef = 2813B220188E04DB00845843 /* TagIndex.m */; };
		282F2F231877AC81004566D0 /* BeesChestData.xcdatamodeld in Sources */ = {isa = PBXBuildFile; fileRef = 282F2F211877AC81004566D0 /* BeesChestData.xcdatamodeld */; };
		282F2F251877AD7F004566D0 /* CoreData.framework in Frameworks */ = {isa = PBXBuildFile; fileRef = 282F2F241877AD7F004566D0 /* CoreData.framework */; };
		282F2F281877AD9A004566D0 /* Contact.m in Sources */ = {isa = PBXBuildFile; fileRef = 282F2F271877AD9A004566D0 /* Contact.m */; };
		2889B0301870651700CF8580 /* Foundation.framework in Frameworks */ = {isa = PBXBuildFile; fileRef = 2889B02F1870651700CF8580 /* Foundation.framework */; };
		2889B0321870651700CF8580 /* CoreGraphics.framework in Frameworks */ = {isa = PBXBuildFile; fileRef = 2889B0311870651700CF8580 /* CoreGraphics.framework */; };
		2889B0341870651700CF8580 /* UIKit.framework in Frameworks */ = {isa = PBXBuildFile; fileRef = 2889B0331870651700CF8580 /* UIKit.framework */; };
		2889B03A1870651700CF8580 /* InfoPlist.strings in Resources */ = {isa = PBXBuildFile; fileRef = 2889B0381870651700CF8580 /* InfoPlist.strings */; };
		2889B03C1870651700CF8580 /* main.m in Sources */ = {isa = PBXBuildFile; fileRef = 2889B03B1870651700CF8580 /* main.m */; };
		2889B0401870651700CF8580 /* AppDelegate.m in Sources */ = {isa = PBXBuildFile; fileRef = 2889B03F1870651700CF8580 /* AppDelegate.m */; };
		2889B0431870651700CF8580 /* Main.storyboard in Resources */ = {isa = PBXBuildFile; fileRef = 2889B0411870651700CF8580 /* Main.storyboard */; };
		2889B0461870651700CF8580 /* ViewController.m in Sources */ = {isa = PBXBuildFile; fileRef = 2889B0451870651700CF8580 /* ViewController.m */; };
		2889B0481870651700CF8580 /* Images.xcassets in Resources */ = {isa = PBXBuildFile; fileRef = 2889B0471870651700CF8580 /* Images.xcassets */; };
		2889B04F1870651700CF8580 /* XCTest.framework in Frameworks */ = {isa = PBXBuildFile; fileRef = 2889B04E1870651700CF8580 /* XCTest.framework */; };
		2889B0501870651700CF8580 /* Foundation.framework in Frameworks */ = {isa = PBXBuildFile; fileRef = 2889B02F1870651700CF8580 /* Foundation.framework */; };
		2889B0511870651700CF8580 /* UIKit.framework in Frameworks */ = {isa = PBXBuildFile; fileRef = 2889B0331870651700CF8580 /* UIKit.framework */; };
		2889B0591870651700CF8580 /* InfoPlist.strings in Resources */ = {isa = PBXBuildFile; fileRef = 2889B0571870651700CF8580 /* InfoPlist.strings */; };
		2889B05B1870651700CF8580 /* Bees_ChestTests.m in Sources */ = {isa = PBXBuildFile; fileRef = 2889B05A1870651700CF8580 /* Bees_ChestTests.m */; };
		2889B06618706EAE00CF8580 /* FBManager.m in Sources */ = {isa = PBXBuildFile; fileRef = 2889B06518706EAE00CF8580 /* FBManager.m */; };
		2889B06A187456AA00CF8580 /* BATypeAheadView.m in Sources */ = {isa = PBXBuildFile; fileRef = 2889B069187456AA00CF8580 /* BATypeAheadView.m */; };
		2889B06D187456D200CF8580 /* BATypeAheadViewController.m in Sources */ = {isa = PBXBuildFile; fileRef = 2889B06C187456D200CF8580 /* BATypeAheadViewController.m */; };
		2889B0701874991500CF8580 /* ProfileViewController.m in Sources */ = {isa = PBXBuildFile; fileRef = 2889B06F1874991500CF8580 /* ProfileViewController.m */; };
		2889B0731874992200CF8580 /* ContactsViewController.m in Sources */ = {isa = PBXBuildFile; fileRef = 2889B0721874992200CF8580 /* ContactsViewController.m */; };
		2889B0761874992C00CF8580 /* ContactViewController.m in Sources */ = {isa = PBXBuildFile; fileRef = 2889B0751874992C00CF8580 /* ContactViewController.m */; };
		2889B0791874993500CF8580 /* BeesChestViewController.m in Sources */ = {isa = PBXBuildFile; fileRef = 2889B0781874993500CF8580 /* BeesChestViewController.m */; };
		288D49051889BC4700051BCB /* ContactManager.m in Sources */ = {isa = PBXBuildFile; fileRef = 288D49041889BC4700051BCB /* ContactManager.m */; };
		28B782EA1895B42D00936D87 /* ProfileDetailCell.m in Sources */ = {isa = PBXBuildFile; fileRef = 28B782E91895B42D00936D87 /* ProfileDetailCell.m */; };
		3597FA0418ACA52A00EC7DF5 /* BaseViewController.m in Sources */ = {isa = PBXBuildFile; fileRef = 3597FA0318ACA52A00EC7DF5 /* BaseViewController.m */; };
		8A0B0C4F5E9443E9999A1150 /* libPods.a in Frameworks */ = {isa = PBXBuildFile; fileRef = 0AB626A38B19406BB8FD1558 /* libPods.a */; };
		9D2C71321879DEFC0022CE5F /* TagOption.m in Sources */ = {isa = PBXBuildFile; fileRef = 9D2C71311879DEFC0022CE5F /* TagOption.m */; };
		9D2C71351879DF170022CE5F /* Tag.m in Sources */ = {isa = PBXBuildFile; fileRef = 9D2C71341879DF170022CE5F /* Tag.m */; };
		9D2C713C187A496C0022CE5F /* TagCell.m in Sources */ = {isa = PBXBuildFile; fileRef = 9D2C713B187A496C0022CE5F /* TagCell.m */; };
		9D2C713F187A6EE00022CE5F /* LessBoringFlowLayout.m in Sources */ = {isa = PBXBuildFile; fileRef = 9D2C713D187A6EE00022CE5F /* LessBoringFlowLayout.m */; };
		9D2C7142187A8D0B0022CE5F /* ContactTransition.m in Sources */ = {isa = PBXBuildFile; fileRef = 9D2C7141187A8D0B0022CE5F /* ContactTransition.m */; };
		9D3792E41878D0D6003955EF /* Bees Chest Placeholder.png in Resources */ = {isa = PBXBuildFile; fileRef = 9D3792E31878D0D6003955EF /* Bees Chest Placeholder.png */; };
/* End PBXBuildFile section */

/* Begin PBXContainerItemProxy section */
		2889B0521870651700CF8580 /* PBXContainerItemProxy */ = {
			isa = PBXContainerItemProxy;
			containerPortal = 2889B0241870651700CF8580 /* Project object */;
			proxyType = 1;
			remoteGlobalIDString = 2889B02B1870651700CF8580;
			remoteInfo = "Bees Chest";
		};
/* End PBXContainerItemProxy section */

/* Begin PBXFileReference section */
		0AB626A38B19406BB8FD1558 /* libPods.a */ = {isa = PBXFileReference; explicitFileType = archive.ar; includeInIndex = 0; path = libPods.a; sourceTree = BUILT_PRODUCTS_DIR; };
		2813B21F188E04DB00845843 /* TagIndex.h */ = {isa = PBXFileReference; fileEncoding = 4; lastKnownFileType = sourcecode.c.h; path = TagIndex.h; sourceTree = "<group>"; };
		2813B220188E04DB00845843 /* TagIndex.m */ = {isa = PBXFileReference; fileEncoding = 4; lastKnownFileType = sourcecode.c.objc; path = TagIndex.m; sourceTree = "<group>"; };
		282F2F221877AC81004566D0 /* BeesChestData.xcdatamodel */ = {isa = PBXFileReference; lastKnownFileType = wrapper.xcdatamodel; path = BeesChestData.xcdatamodel; sourceTree = "<group>"; };
		282F2F241877AD7F004566D0 /* CoreData.framework */ = {isa = PBXFileReference; lastKnownFileType = wrapper.framework; name = CoreData.framework; path = System/Library/Frameworks/CoreData.framework; sourceTree = SDKROOT; };
		282F2F261877AD9A004566D0 /* Contact.h */ = {isa = PBXFileReference; fileEncoding = 4; lastKnownFileType = sourcecode.c.h; path = Contact.h; sourceTree = "<group>"; };
		282F2F271877AD9A004566D0 /* Contact.m */ = {isa = PBXFileReference; fileEncoding = 4; lastKnownFileType = sourcecode.c.objc; path = Contact.m; sourceTree = "<group>"; };
		2889B02C1870651700CF8580 /* Bees Chest.app */ = {isa = PBXFileReference; explicitFileType = wrapper.application; includeInIndex = 0; path = "Bees Chest.app"; sourceTree = BUILT_PRODUCTS_DIR; };
		2889B02F1870651700CF8580 /* Foundation.framework */ = {isa = PBXFileReference; lastKnownFileType = wrapper.framework; name = Foundation.framework; path = System/Library/Frameworks/Foundation.framework; sourceTree = SDKROOT; };
		2889B0311870651700CF8580 /* CoreGraphics.framework */ = {isa = PBXFileReference; lastKnownFileType = wrapper.framework; name = CoreGraphics.framework; path = System/Library/Frameworks/CoreGraphics.framework; sourceTree = SDKROOT; };
		2889B0331870651700CF8580 /* UIKit.framework */ = {isa = PBXFileReference; lastKnownFileType = wrapper.framework; name = UIKit.framework; path = System/Library/Frameworks/UIKit.framework; sourceTree = SDKROOT; };
		2889B0371870651700CF8580 /* Bees Chest-Info.plist */ = {isa = PBXFileReference; lastKnownFileType = text.plist.xml; path = "Bees Chest-Info.plist"; sourceTree = "<group>"; };
		2889B0391870651700CF8580 /* en */ = {isa = PBXFileReference; lastKnownFileType = text.plist.strings; name = en; path = en.lproj/InfoPlist.strings; sourceTree = "<group>"; };
		2889B03B1870651700CF8580 /* main.m */ = {isa = PBXFileReference; lastKnownFileType = sourcecode.c.objc; path = main.m; sourceTree = "<group>"; };
		2889B03D1870651700CF8580 /* Bees Chest-Prefix.pch */ = {isa = PBXFileReference; lastKnownFileType = sourcecode.c.h; path = "Bees Chest-Prefix.pch"; sourceTree = "<group>"; };
		2889B03E1870651700CF8580 /* AppDelegate.h */ = {isa = PBXFileReference; lastKnownFileType = sourcecode.c.h; path = AppDelegate.h; sourceTree = "<group>"; };
		2889B03F1870651700CF8580 /* AppDelegate.m */ = {isa = PBXFileReference; lastKnownFileType = sourcecode.c.objc; path = AppDelegate.m; sourceTree = "<group>"; };
		2889B0421870651700CF8580 /* Base */ = {isa = PBXFileReference; lastKnownFileType = file.storyboard; name = Base; path = Base.lproj/Main.storyboard; sourceTree = "<group>"; };
		2889B0441870651700CF8580 /* ViewController.h */ = {isa = PBXFileReference; lastKnownFileType = sourcecode.c.h; path = ViewController.h; sourceTree = "<group>"; };
		2889B0451870651700CF8580 /* ViewController.m */ = {isa = PBXFileReference; lastKnownFileType = sourcecode.c.objc; path = ViewController.m; sourceTree = "<group>"; };
		2889B0471870651700CF8580 /* Images.xcassets */ = {isa = PBXFileReference; lastKnownFileType = folder.assetcatalog; path = Images.xcassets; sourceTree = "<group>"; };
		2889B04D1870651700CF8580 /* Bees ChestTests.xctest */ = {isa = PBXFileReference; explicitFileType = wrapper.cfbundle; includeInIndex = 0; path = "Bees ChestTests.xctest"; sourceTree = BUILT_PRODUCTS_DIR; };
		2889B04E1870651700CF8580 /* XCTest.framework */ = {isa = PBXFileReference; lastKnownFileType = wrapper.framework; name = XCTest.framework; path = Library/Frameworks/XCTest.framework; sourceTree = DEVELOPER_DIR; };
		2889B0561870651700CF8580 /* Bees ChestTests-Info.plist */ = {isa = PBXFileReference; lastKnownFileType = text.plist.xml; path = "Bees ChestTests-Info.plist"; sourceTree = "<group>"; };
		2889B0581870651700CF8580 /* en */ = {isa = PBXFileReference; lastKnownFileType = text.plist.strings; name = en; path = en.lproj/InfoPlist.strings; sourceTree = "<group>"; };
		2889B05A1870651700CF8580 /* Bees_ChestTests.m */ = {isa = PBXFileReference; lastKnownFileType = sourcecode.c.objc; path = Bees_ChestTests.m; sourceTree = "<group>"; };
		2889B06418706EAE00CF8580 /* FBManager.h */ = {isa = PBXFileReference; fileEncoding = 4; lastKnownFileType = sourcecode.c.h; path = FBManager.h; sourceTree = "<group>"; };
		2889B06518706EAE00CF8580 /* FBManager.m */ = {isa = PBXFileReference; fileEncoding = 4; lastKnownFileType = sourcecode.c.objc; path = FBManager.m; sourceTree = "<group>"; };
		2889B06718706F8400CF8580 /* Constants.h */ = {isa = PBXFileReference; fileEncoding = 4; lastKnownFileType = sourcecode.c.h; path = Constants.h; sourceTree = "<group>"; };
		2889B068187456AA00CF8580 /* BATypeAheadView.h */ = {isa = PBXFileReference; fileEncoding = 4; lastKnownFileType = sourcecode.c.h; path = BATypeAheadView.h; sourceTree = "<group>"; };
		2889B069187456AA00CF8580 /* BATypeAheadView.m */ = {isa = PBXFileReference; fileEncoding = 4; lastKnownFileType = sourcecode.c.objc; path = BATypeAheadView.m; sourceTree = "<group>"; };
		2889B06B187456D200CF8580 /* BATypeAheadViewController.h */ = {isa = PBXFileReference; fileEncoding = 4; lastKnownFileType = sourcecode.c.h; path = BATypeAheadViewController.h; sourceTree = "<group>"; };
		2889B06C187456D200CF8580 /* BATypeAheadViewController.m */ = {isa = PBXFileReference; fileEncoding = 4; lastKnownFileType = sourcecode.c.objc; path = BATypeAheadViewController.m; sourceTree = "<group>"; };
		2889B06E1874991500CF8580 /* ProfileViewController.h */ = {isa = PBXFileReference; fileEncoding = 4; lastKnownFileType = sourcecode.c.h; path = ProfileViewController.h; sourceTree = "<group>"; };
		2889B06F1874991500CF8580 /* ProfileViewController.m */ = {isa = PBXFileReference; fileEncoding = 4; lastKnownFileType = sourcecode.c.objc; path = ProfileViewController.m; sourceTree = "<group>"; };
		2889B0711874992200CF8580 /* ContactsViewController.h */ = {isa = PBXFileReference; fileEncoding = 4; lastKnownFileType = sourcecode.c.h; path = ContactsViewController.h; sourceTree = "<group>"; };
		2889B0721874992200CF8580 /* ContactsViewController.m */ = {isa = PBXFileReference; fileEncoding = 4; lastKnownFileType = sourcecode.c.objc; path = ContactsViewController.m; sourceTree = "<group>"; };
		2889B0741874992C00CF8580 /* ContactViewController.h */ = {isa = PBXFileReference; fileEncoding = 4; lastKnownFileType = sourcecode.c.h; path = ContactViewController.h; sourceTree = "<group>"; };
		2889B0751874992C00CF8580 /* ContactViewController.m */ = {isa = PBXFileReference; fileEncoding = 4; lastKnownFileType = sourcecode.c.objc; path = ContactViewController.m; sourceTree = "<group>"; };
		2889B0771874993500CF8580 /* BeesChestViewController.h */ = {isa = PBXFileReference; fileEncoding = 4; lastKnownFileType = sourcecode.c.h; path = BeesChestViewController.h; sourceTree = "<group>"; };
		2889B0781874993500CF8580 /* BeesChestViewController.m */ = {isa = PBXFileReference; fileEncoding = 4; lastKnownFileType = sourcecode.c.objc; path = BeesChestViewController.m; sourceTree = "<group>"; };
		288D49031889BC4700051BCB /* ContactManager.h */ = {isa = PBXFileReference; fileEncoding = 4; lastKnownFileType = sourcecode.c.h; path = ContactManager.h; sourceTree = "<group>"; };
		288D49041889BC4700051BCB /* ContactManager.m */ = {isa = PBXFileReference; fileEncoding = 4; lastKnownFileType = sourcecode.c.objc; path = ContactManager.m; sourceTree = "<group>"; };
		28B782E81895B42D00936D87 /* ProfileDetailCell.h */ = {isa = PBXFileReference; fileEncoding = 4; lastKnownFileType = sourcecode.c.h; path = ProfileDetailCell.h; sourceTree = "<group>"; };
		28B782E91895B42D00936D87 /* ProfileDetailCell.m */ = {isa = PBXFileReference; fileEncoding = 4; lastKnownFileType = sourcecode.c.objc; path = ProfileDetailCell.m; sourceTree = "<group>"; };
		3597FA0218ACA52A00EC7DF5 /* BaseViewController.h */ = {isa = PBXFileReference; fileEncoding = 4; lastKnownFileType = sourcecode.c.h; path = BaseViewController.h; sourceTree = "<group>"; };
		3597FA0318ACA52A00EC7DF5 /* BaseViewController.m */ = {isa = PBXFileReference; fileEncoding = 4; lastKnownFileType = sourcecode.c.objc; path = BaseViewController.m; sourceTree = "<group>"; };
		9D2C71301879DEFC0022CE5F /* TagOption.h */ = {isa = PBXFileReference; fileEncoding = 4; lastKnownFileType = sourcecode.c.h; path = TagOption.h; sourceTree = "<group>"; };
		9D2C71311879DEFC0022CE5F /* TagOption.m */ = {isa = PBXFileReference; fileEncoding = 4; lastKnownFileType = sourcecode.c.objc; path = TagOption.m; sourceTree = "<group>"; };
		9D2C71331879DF170022CE5F /* Tag.h */ = {isa = PBXFileReference; fileEncoding = 4; lastKnownFileType = sourcecode.c.h; path = Tag.h; sourceTree = "<group>"; };
		9D2C71341879DF170022CE5F /* Tag.m */ = {isa = PBXFileReference; fileEncoding = 4; lastKnownFileType = sourcecode.c.objc; path = Tag.m; sourceTree = "<group>"; };
		9D2C713A187A496C0022CE5F /* TagCell.h */ = {isa = PBXFileReference; fileEncoding = 4; lastKnownFileType = sourcecode.c.h; path = TagCell.h; sourceTree = "<group>"; };
		9D2C713B187A496C0022CE5F /* TagCell.m */ = {isa = PBXFileReference; fileEncoding = 4; lastKnownFileType = sourcecode.c.objc; path = TagCell.m; sourceTree = "<group>"; };
		9D2C713D187A6EE00022CE5F /* LessBoringFlowLayout.m */ = {isa = PBXFileReference; fileEncoding = 4; lastKnownFileType = sourcecode.c.objc; path = LessBoringFlowLayout.m; sourceTree = "<group>"; };
		9D2C713E187A6EE00022CE5F /* LessBoringFlowLayout.h */ = {isa = PBXFileReference; fileEncoding = 4; lastKnownFileType = sourcecode.c.h; path = LessBoringFlowLayout.h; sourceTree = "<group>"; };
		9D2C7140187A8D0B0022CE5F /* ContactTransition.h */ = {isa = PBXFileReference; fileEncoding = 4; lastKnownFileType = sourcecode.c.h; path = ContactTransition.h; sourceTree = "<group>"; };
		9D2C7141187A8D0B0022CE5F /* ContactTransition.m */ = {isa = PBXFileReference; fileEncoding = 4; lastKnownFileType = sourcecode.c.objc; path = ContactTransition.m; sourceTree = "<group>"; };
		9D3792E31878D0D6003955EF /* Bees Chest Placeholder.png */ = {isa = PBXFileReference; lastKnownFileType = image.png; path = "Bees Chest Placeholder.png"; sourceTree = "<group>"; };
		AEA705BE07BD482FBA74034C /* Pods.xcconfig */ = {isa = PBXFileReference; includeInIndex = 1; lastKnownFileType = text.xcconfig; name = Pods.xcconfig; path = Pods/Pods.xcconfig; sourceTree = "<group>"; };
/* End PBXFileReference section */

/* Begin PBXFrameworksBuildPhase section */
		2889B0291870651700CF8580 /* Frameworks */ = {
			isa = PBXFrameworksBuildPhase;
			buildActionMask = 2147483647;
			files = (
				282F2F251877AD7F004566D0 /* CoreData.framework in Frameworks */,
				2889B0321870651700CF8580 /* CoreGraphics.framework in Frameworks */,
				2889B0341870651700CF8580 /* UIKit.framework in Frameworks */,
				2889B0301870651700CF8580 /* Foundation.framework in Frameworks */,
				8A0B0C4F5E9443E9999A1150 /* libPods.a in Frameworks */,
			);
			runOnlyForDeploymentPostprocessing = 0;
		};
		2889B04A1870651700CF8580 /* Frameworks */ = {
			isa = PBXFrameworksBuildPhase;
			buildActionMask = 2147483647;
			files = (
				2889B04F1870651700CF8580 /* XCTest.framework in Frameworks */,
				2889B0511870651700CF8580 /* UIKit.framework in Frameworks */,
				2889B0501870651700CF8580 /* Foundation.framework in Frameworks */,
			);
			runOnlyForDeploymentPostprocessing = 0;
		};
/* End PBXFrameworksBuildPhase section */

/* Begin PBXGroup section */
		2889B0231870651700CF8580 = {
			isa = PBXGroup;
			children = (
				2889B0351870651700CF8580 /* Bees Chest */,
				2889B0541870651700CF8580 /* Bees ChestTests */,
				2889B02E1870651700CF8580 /* Frameworks */,
				2889B02D1870651700CF8580 /* Products */,
				AEA705BE07BD482FBA74034C /* Pods.xcconfig */,
			);
			sourceTree = "<group>";
		};
		2889B02D1870651700CF8580 /* Products */ = {
			isa = PBXGroup;
			children = (
				2889B02C1870651700CF8580 /* Bees Chest.app */,
				2889B04D1870651700CF8580 /* Bees ChestTests.xctest */,
			);
			name = Products;
			sourceTree = "<group>";
		};
		2889B02E1870651700CF8580 /* Frameworks */ = {
			isa = PBXGroup;
			children = (
				282F2F241877AD7F004566D0 /* CoreData.framework */,
				2889B02F1870651700CF8580 /* Foundation.framework */,
				2889B0311870651700CF8580 /* CoreGraphics.framework */,
				2889B0331870651700CF8580 /* UIKit.framework */,
				2889B04E1870651700CF8580 /* XCTest.framework */,
				0AB626A38B19406BB8FD1558 /* libPods.a */,
			);
			name = Frameworks;
			sourceTree = "<group>";
		};
		2889B0351870651700CF8580 /* Bees Chest */ = {
			isa = PBXGroup;
			children = (
				9D3792E51878D0DE003955EF /* Images */,
				9D3792E21878BCEC003955EF /* Controllers */,
				9D3792E11878BCDF003955EF /* Views */,
				9D3792E01878BCD2003955EF /* Models */,
				9D3792DF1878BCC3003955EF /* Managers */,
				2889B03E1870651700CF8580 /* AppDelegate.h */,
				2889B03F1870651700CF8580 /* AppDelegate.m */,
				2889B0411870651700CF8580 /* Main.storyboard */,
				2889B06718706F8400CF8580 /* Constants.h */,
				2889B0471870651700CF8580 /* Images.xcassets */,
				2889B0361870651700CF8580 /* Supporting Files */,
				282F2F211877AC81004566D0 /* BeesChestData.xcdatamodeld */,
			);
			path = "Bees Chest";
			sourceTree = "<group>";
		};
		2889B0361870651700CF8580 /* Supporting Files */ = {
			isa = PBXGroup;
			children = (
				2889B0371870651700CF8580 /* Bees Chest-Info.plist */,
				2889B0381870651700CF8580 /* InfoPlist.strings */,
				2889B03B1870651700CF8580 /* main.m */,
				2889B03D1870651700CF8580 /* Bees Chest-Prefix.pch */,
			);
			name = "Supporting Files";
			sourceTree = "<group>";
		};
		2889B0541870651700CF8580 /* Bees ChestTests */ = {
			isa = PBXGroup;
			children = (
				2889B05A1870651700CF8580 /* Bees_ChestTests.m */,
				2889B0551870651700CF8580 /* Supporting Files */,
			);
			path = "Bees ChestTests";
			sourceTree = "<group>";
		};
		2889B0551870651700CF8580 /* Supporting Files */ = {
			isa = PBXGroup;
			children = (
				2889B0561870651700CF8580 /* Bees ChestTests-Info.plist */,
				2889B0571870651700CF8580 /* InfoPlist.strings */,
			);
			name = "Supporting Files";
			sourceTree = "<group>";
		};
		9D3792DF1878BCC3003955EF /* Managers */ = {
			isa = PBXGroup;
			children = (
				2889B06418706EAE00CF8580 /* FBManager.h */,
				2889B06518706EAE00CF8580 /* FBManager.m */,
				288D49031889BC4700051BCB /* ContactManager.h */,
				288D49041889BC4700051BCB /* ContactManager.m */,
			);
			name = Managers;
			sourceTree = "<group>";
		};
		9D3792E01878BCD2003955EF /* Models */ = {
			isa = PBXGroup;
			children = (
				9D2C71331879DF170022CE5F /* Tag.h */,
				9D2C71341879DF170022CE5F /* Tag.m */,
				9D2C71301879DEFC0022CE5F /* TagOption.h */,
				9D2C71311879DEFC0022CE5F /* TagOption.m */,
				282F2F261877AD9A004566D0 /* Contact.h */,
				282F2F271877AD9A004566D0 /* Contact.m */,
				2813B21F188E04DB00845843 /* TagIndex.h */,
				2813B220188E04DB00845843 /* TagIndex.m */,
			);
			name = Models;
			sourceTree = "<group>";
		};
		9D3792E11878BCDF003955EF /* Views */ = {
			isa = PBXGroup;
			children = (
				9D2C713D187A6EE00022CE5F /* LessBoringFlowLayout.m */,
				9D2C713E187A6EE00022CE5F /* LessBoringFlowLayout.h */,
				9D2C713A187A496C0022CE5F /* TagCell.h */,
				9D2C713B187A496C0022CE5F /* TagCell.m */,
				2889B068187456AA00CF8580 /* BATypeAheadView.h */,
				2889B069187456AA00CF8580 /* BATypeAheadView.m */,
				28B782E81895B42D00936D87 /* ProfileDetailCell.h */,
				28B782E91895B42D00936D87 /* ProfileDetailCell.m */,
			);
			name = Views;
			sourceTree = "<group>";
		};
		9D3792E21878BCEC003955EF /* Controllers */ = {
			isa = PBXGroup;
			children = (
				9D2C7140187A8D0B0022CE5F /* ContactTransition.h */,
				9D2C7141187A8D0B0022CE5F /* ContactTransition.m */,
				2889B0441870651700CF8580 /* ViewController.h */,
				2889B0451870651700CF8580 /* ViewController.m */,
				2889B06B187456D200CF8580 /* BATypeAheadViewController.h */,
				2889B06C187456D200CF8580 /* BATypeAheadViewController.m */,
				2889B06E1874991500CF8580 /* ProfileViewController.h */,
				2889B06F1874991500CF8580 /* ProfileViewController.m */,
				2889B0711874992200CF8580 /* ContactsViewController.h */,
				2889B0721874992200CF8580 /* ContactsViewController.m */,
				2889B0741874992C00CF8580 /* ContactViewController.h */,
				2889B0751874992C00CF8580 /* ContactViewController.m */,
				2889B0771874993500CF8580 /* BeesChestViewController.h */,
				2889B0781874993500CF8580 /* BeesChestViewController.m */,
				3597FA0218ACA52A00EC7DF5 /* BaseViewController.h */,
				3597FA0318ACA52A00EC7DF5 /* BaseViewController.m */,
			);
			name = Controllers;
			sourceTree = "<group>";
		};
		9D3792E51878D0DE003955EF /* Images */ = {
			isa = PBXGroup;
			children = (
				9D3792E31878D0D6003955EF /* Bees Chest Placeholder.png */,
			);
			name = Images;
			sourceTree = "<group>";
		};
/* End PBXGroup section */

/* Begin PBXNativeTarget section */
		2889B02B1870651700CF8580 /* Bees Chest */ = {
			isa = PBXNativeTarget;
			buildConfigurationList = 2889B05E1870651700CF8580 /* Build configuration list for PBXNativeTarget "Bees Chest" */;
			buildPhases = (
				5E01DECCED7B4017B56DB9B2 /* Check Pods Manifest.lock */,
				2889B0281870651700CF8580 /* Sources */,
				2889B0291870651700CF8580 /* Frameworks */,
				2889B02A1870651700CF8580 /* Resources */,
				5E81197DD181414AA7F7C1E4 /* Copy Pods Resources */,
			);
			buildRules = (
			);
			dependencies = (
			);
			name = "Bees Chest";
			productName = "Bees Chest";
			productReference = 2889B02C1870651700CF8580 /* Bees Chest.app */;
			productType = "com.apple.product-type.application";
		};
		2889B04C1870651700CF8580 /* Bees ChestTests */ = {
			isa = PBXNativeTarget;
			buildConfigurationList = 2889B0611870651700CF8580 /* Build configuration list for PBXNativeTarget "Bees ChestTests" */;
			buildPhases = (
				2889B0491870651700CF8580 /* Sources */,
				2889B04A1870651700CF8580 /* Frameworks */,
				2889B04B1870651700CF8580 /* Resources */,
			);
			buildRules = (
			);
			dependencies = (
				2889B0531870651700CF8580 /* PBXTargetDependency */,
			);
			name = "Bees ChestTests";
			productName = "Bees ChestTests";
			productReference = 2889B04D1870651700CF8580 /* Bees ChestTests.xctest */;
			productType = "com.apple.product-type.bundle.unit-test";
		};
/* End PBXNativeTarget section */

/* Begin PBXProject section */
		2889B0241870651700CF8580 /* Project object */ = {
			isa = PBXProject;
			attributes = {
				LastUpgradeCheck = 0500;
				ORGANIZATIONNAME = Arbrr;
				TargetAttributes = {
					2889B04C1870651700CF8580 = {
						TestTargetID = 2889B02B1870651700CF8580;
					};
				};
			};
			buildConfigurationList = 2889B0271870651700CF8580 /* Build configuration list for PBXProject "Bees Chest" */;
			compatibilityVersion = "Xcode 3.2";
			developmentRegion = English;
			hasScannedForEncodings = 0;
			knownRegions = (
				en,
				Base,
			);
			mainGroup = 2889B0231870651700CF8580;
			productRefGroup = 2889B02D1870651700CF8580 /* Products */;
			projectDirPath = "";
			projectRoot = "";
			targets = (
				2889B02B1870651700CF8580 /* Bees Chest */,
				2889B04C1870651700CF8580 /* Bees ChestTests */,
			);
		};
/* End PBXProject section */

/* Begin PBXResourcesBuildPhase section */
		2889B02A1870651700CF8580 /* Resources */ = {
			isa = PBXResourcesBuildPhase;
			buildActionMask = 2147483647;
			files = (
				2889B0481870651700CF8580 /* Images.xcassets in Resources */,
				2889B03A1870651700CF8580 /* InfoPlist.strings in Resources */,
				9D3792E41878D0D6003955EF /* Bees Chest Placeholder.png in Resources */,
				2889B0431870651700CF8580 /* Main.storyboard in Resources */,
			);
			runOnlyForDeploymentPostprocessing = 0;
		};
		2889B04B1870651700CF8580 /* Resources */ = {
			isa = PBXResourcesBuildPhase;
			buildActionMask = 2147483647;
			files = (
				2889B0591870651700CF8580 /* InfoPlist.strings in Resources */,
			);
			runOnlyForDeploymentPostprocessing = 0;
		};
/* End PBXResourcesBuildPhase section */

/* Begin PBXShellScriptBuildPhase section */
		5E01DECCED7B4017B56DB9B2 /* Check Pods Manifest.lock */ = {
			isa = PBXShellScriptBuildPhase;
			buildActionMask = 2147483647;
			files = (
			);
			inputPaths = (
			);
			name = "Check Pods Manifest.lock";
			outputPaths = (
			);
			runOnlyForDeploymentPostprocessing = 0;
			shellPath = /bin/sh;
			shellScript = "diff \"${PODS_ROOT}/../Podfile.lock\" \"${PODS_ROOT}/Manifest.lock\" > /dev/null\nif [[ $? != 0 ]] ; then\n    cat << EOM\nerror: The sandbox is not in sync with the Podfile.lock. Run 'pod install' or update your CocoaPods installation.\nEOM\n    exit 1\nfi\n";
			showEnvVarsInLog = 0;
		};
		5E81197DD181414AA7F7C1E4 /* Copy Pods Resources */ = {
			isa = PBXShellScriptBuildPhase;
			buildActionMask = 2147483647;
			files = (
			);
			inputPaths = (
			);
			name = "Copy Pods Resources";
			outputPaths = (
			);
			runOnlyForDeploymentPostprocessing = 0;
			shellPath = /bin/sh;
			shellScript = "\"${SRCROOT}/Pods/Pods-resources.sh\"\n";
			showEnvVarsInLog = 0;
		};
/* End PBXShellScriptBuildPhase section */

/* Begin PBXSourcesBuildPhase section */
		2889B0281870651700CF8580 /* Sources */ = {
			isa = PBXSourcesBuildPhase;
			buildActionMask = 2147483647;
			files = (
				9D2C713C187A496C0022CE5F /* TagCell.m in Sources */,
				9D2C713F187A6EE00022CE5F /* LessBoringFlowLayout.m in Sources */,
				2889B0461870651700CF8580 /* ViewController.m in Sources */,
				2813B221188E04DB00845843 /* TagIndex.m in Sources */,
				2889B0791874993500CF8580 /* BeesChestViewController.m in Sources */,
				288D49051889BC4700051BCB /* ContactManager.m in Sources */,
				28B782EA1895B42D00936D87 /* ProfileDetailCell.m in Sources */,
				2889B0731874992200CF8580 /* ContactsViewController.m in Sources */,
				2889B06D187456D200CF8580 /* BATypeAheadViewController.m in Sources */,
				282F2F281877AD9A004566D0 /* Contact.m in Sources */,
				9D2C7142187A8D0B0022CE5F /* ContactTransition.m in Sources */,
				2889B06A187456AA00CF8580 /* BATypeAheadView.m in Sources */,
				9D2C71321879DEFC0022CE5F /* TagOption.m in Sources */,
				2889B0761874992C00CF8580 /* ContactViewController.m in Sources */,
				9D2C71351879DF170022CE5F /* Tag.m in Sources */,
				2889B06618706EAE00CF8580 /* FBManager.m in Sources */,
				2889B0701874991500CF8580 /* ProfileViewController.m in Sources */,
				282F2F231877AC81004566D0 /* BeesChestData.xcdatamodeld in Sources */,
				2889B0401870651700CF8580 /* AppDelegate.m in Sources */,
				3597FA0418ACA52A00EC7DF5 /* BaseViewController.m in Sources */,
				2889B03C1870651700CF8580 /* main.m in Sources */,
			);
			runOnlyForDeploymentPostprocessing = 0;
		};
		2889B0491870651700CF8580 /* Sources */ = {
			isa = PBXSourcesBuildPhase;
			buildActionMask = 2147483647;
			files = (
				2889B05B1870651700CF8580 /* Bees_ChestTests.m in Sources */,
			);
			runOnlyForDeploymentPostprocessing = 0;
		};
/* End PBXSourcesBuildPhase section */

/* Begin PBXTargetDependency section */
		2889B0531870651700CF8580 /* PBXTargetDependency */ = {
			isa = PBXTargetDependency;
			target = 2889B02B1870651700CF8580 /* Bees Chest */;
			targetProxy = 2889B0521870651700CF8580 /* PBXContainerItemProxy */;
		};
/* End PBXTargetDependency section */

/* Begin PBXVariantGroup section */
		2889B0381870651700CF8580 /* InfoPlist.strings */ = {
			isa = PBXVariantGroup;
			children = (
				2889B0391870651700CF8580 /* en */,
			);
			name = InfoPlist.strings;
			sourceTree = "<group>";
		};
		2889B0411870651700CF8580 /* Main.storyboard */ = {
			isa = PBXVariantGroup;
			children = (
				2889B0421870651700CF8580 /* Base */,
			);
			name = Main.storyboard;
			sourceTree = "<group>";
		};
		2889B0571870651700CF8580 /* InfoPlist.strings */ = {
			isa = PBXVariantGroup;
			children = (
				2889B0581870651700CF8580 /* en */,
			);
			name = InfoPlist.strings;
			sourceTree = "<group>";
		};
/* End PBXVariantGroup section */

/* Begin XCBuildConfiguration section */
		2889B05C1870651700CF8580 /* Debug */ = {
			isa = XCBuildConfiguration;
			buildSettings = {
				ALWAYS_SEARCH_USER_PATHS = NO;
				ARCHS = "$(ARCHS_STANDARD_INCLUDING_64_BIT)";
				CLANG_CXX_LANGUAGE_STANDARD = "gnu++0x";
				CLANG_CXX_LIBRARY = "libc++";
				CLANG_ENABLE_MODULES = YES;
				CLANG_ENABLE_OBJC_ARC = YES;
				CLANG_WARN_BOOL_CONVERSION = YES;
				CLANG_WARN_CONSTANT_CONVERSION = YES;
				CLANG_WARN_DIRECT_OBJC_ISA_USAGE = YES_ERROR;
				CLANG_WARN_EMPTY_BODY = YES;
				CLANG_WARN_ENUM_CONVERSION = YES;
				CLANG_WARN_INT_CONVERSION = YES;
				CLANG_WARN_OBJC_ROOT_CLASS = YES_ERROR;
				CLANG_WARN__DUPLICATE_METHOD_MATCH = YES;
				"CODE_SIGN_IDENTITY[sdk=iphoneos*]" = "iPhone Developer";
				COPY_PHASE_STRIP = NO;
				GCC_C_LANGUAGE_STANDARD = gnu99;
				GCC_DYNAMIC_NO_PIC = NO;
				GCC_OPTIMIZATION_LEVEL = 0;
				GCC_PREPROCESSOR_DEFINITIONS = (
					"DEBUG=1",
					"$(inherited)",
				);
				GCC_SYMBOLS_PRIVATE_EXTERN = NO;
				GCC_WARN_64_TO_32_BIT_CONVERSION = YES;
				GCC_WARN_ABOUT_RETURN_TYPE = YES_ERROR;
				GCC_WARN_UNDECLARED_SELECTOR = YES;
				GCC_WARN_UNINITIALIZED_AUTOS = YES;
				GCC_WARN_UNUSED_FUNCTION = YES;
				GCC_WARN_UNUSED_VARIABLE = YES;
				IPHONEOS_DEPLOYMENT_TARGET = 7.0;
				ONLY_ACTIVE_ARCH = YES;
				SDKROOT = iphoneos;
			};
			name = Debug;
		};
		2889B05D1870651700CF8580 /* Release */ = {
			isa = XCBuildConfiguration;
			buildSettings = {
				ALWAYS_SEARCH_USER_PATHS = NO;
				ARCHS = "$(ARCHS_STANDARD_INCLUDING_64_BIT)";
				CLANG_CXX_LANGUAGE_STANDARD = "gnu++0x";
				CLANG_CXX_LIBRARY = "libc++";
				CLANG_ENABLE_MODULES = YES;
				CLANG_ENABLE_OBJC_ARC = YES;
				CLANG_WARN_BOOL_CONVERSION = YES;
				CLANG_WARN_CONSTANT_CONVERSION = YES;
				CLANG_WARN_DIRECT_OBJC_ISA_USAGE = YES_ERROR;
				CLANG_WARN_EMPTY_BODY = YES;
				CLANG_WARN_ENUM_CONVERSION = YES;
				CLANG_WARN_INT_CONVERSION = YES;
				CLANG_WARN_OBJC_ROOT_CLASS = YES_ERROR;
				CLANG_WARN__DUPLICATE_METHOD_MATCH = YES;
				"CODE_SIGN_IDENTITY[sdk=iphoneos*]" = "iPhone Developer";
				COPY_PHASE_STRIP = YES;
				ENABLE_NS_ASSERTIONS = NO;
				GCC_C_LANGUAGE_STANDARD = gnu99;
				GCC_WARN_64_TO_32_BIT_CONVERSION = YES;
				GCC_WARN_ABOUT_RETURN_TYPE = YES_ERROR;
				GCC_WARN_UNDECLARED_SELECTOR = YES;
				GCC_WARN_UNINITIALIZED_AUTOS = YES;
				GCC_WARN_UNUSED_FUNCTION = YES;
				GCC_WARN_UNUSED_VARIABLE = YES;
				IPHONEOS_DEPLOYMENT_TARGET = 7.0;
				SDKROOT = iphoneos;
				VALIDATE_PRODUCT = YES;
			};
			name = Release;
		};
		2889B05F1870651700CF8580 /* Debug */ = {
			isa = XCBuildConfiguration;
			baseConfigurationReference = AEA705BE07BD482FBA74034C /* Pods.xcconfig */;
			buildSettings = {
				ASSETCATALOG_COMPILER_APPICON_NAME = AppIcon;
				ASSETCATALOG_COMPILER_LAUNCHIMAGE_NAME = LaunchImage;
				GCC_PRECOMPILE_PREFIX_HEADER = YES;
				GCC_PREFIX_HEADER = "Bees Chest/Bees Chest-Prefix.pch";
				INFOPLIST_FILE = "Bees Chest/Bees Chest-Info.plist";
				PRODUCT_NAME = "$(TARGET_NAME)";
				WRAPPER_EXTENSION = app;
			};
			name = Debug;
		};
		2889B0601870651700CF8580 /* Release */ = {
			isa = XCBuildConfiguration;
			baseConfigurationReference = AEA705BE07BD482FBA74034C /* Pods.xcconfig */;
			buildSettings = {
				ASSETCATALOG_COMPILER_APPICON_NAME = AppIcon;
				ASSETCATALOG_COMPILER_LAUNCHIMAGE_NAME = LaunchImage;
				GCC_PRECOMPILE_PREFIX_HEADER = YES;
				GCC_PREFIX_HEADER = "Bees Chest/Bees Chest-Prefix.pch";
				INFOPLIST_FILE = "Bees Chest/Bees Chest-Info.plist";
				PRODUCT_NAME = "$(TARGET_NAME)";
				WRAPPER_EXTENSION = app;
			};
			name = Release;
		};
		2889B0621870651700CF8580 /* Debug */ = {
			isa = XCBuildConfiguration;
			buildSettings = {
				ARCHS = "$(ARCHS_STANDARD_INCLUDING_64_BIT)";
				BUNDLE_LOADER = "$(BUILT_PRODUCTS_DIR)/Bees Chest.app/Bees Chest";
				FRAMEWORK_SEARCH_PATHS = (
					"$(SDKROOT)/Developer/Library/Frameworks",
					"$(inherited)",
					"$(DEVELOPER_FRAMEWORKS_DIR)",
				);
				GCC_PRECOMPILE_PREFIX_HEADER = YES;
				GCC_PREFIX_HEADER = "Bees Chest/Bees Chest-Prefix.pch";
				GCC_PREPROCESSOR_DEFINITIONS = (
					"DEBUG=1",
					"$(inherited)",
				);
				INFOPLIST_FILE = "Bees ChestTests/Bees ChestTests-Info.plist";
				PRODUCT_NAME = "$(TARGET_NAME)";
				TEST_HOST = "$(BUNDLE_LOADER)";
				WRAPPER_EXTENSION = xctest;
			};
			name = Debug;
		};
		2889B0631870651700CF8580 /* Release */ = {
			isa = XCBuildConfiguration;
			buildSettings = {
				ARCHS = "$(ARCHS_STANDARD_INCLUDING_64_BIT)";
				BUNDLE_LOADER = "$(BUILT_PRODUCTS_DIR)/Bees Chest.app/Bees Chest";
				FRAMEWORK_SEARCH_PATHS = (
					"$(SDKROOT)/Developer/Library/Frameworks",
					"$(inherited)",
					"$(DEVELOPER_FRAMEWORKS_DIR)",
				);
				GCC_PRECOMPILE_PREFIX_HEADER = YES;
				GCC_PREFIX_HEADER = "Bees Chest/Bees Chest-Prefix.pch";
				INFOPLIST_FILE = "Bees ChestTests/Bees ChestTests-Info.plist";
				PRODUCT_NAME = "$(TARGET_NAME)";
				TEST_HOST = "$(BUNDLE_LOADER)";
				WRAPPER_EXTENSION = xctest;
			};
			name = Release;
		};
/* End XCBuildConfiguration section */

/* Begin XCConfigurationList section */
		2889B0271870651700CF8580 /* Build configuration list for PBXProject "Bees Chest" */ = {
			isa = XCConfigurationList;
			buildConfigurations = (
				2889B05C1870651700CF8580 /* Debug */,
				2889B05D1870651700CF8580 /* Release */,
			);
			defaultConfigurationIsVisible = 0;
			defaultConfigurationName = Release;
		};
		2889B05E1870651700CF8580 /* Build configuration list for PBXNativeTarget "Bees Chest" */ = {
			isa = XCConfigurationList;
			buildConfigurations = (
				2889B05F1870651700CF8580 /* Debug */,
				2889B0601870651700CF8580 /* Release */,
			);
			defaultConfigurationIsVisible = 0;
			defaultConfigurationName = Release;
		};
		2889B0611870651700CF8580 /* Build configuration list for PBXNativeTarget "Bees ChestTests" */ = {
			isa = XCConfigurationList;
			buildConfigurations = (
				2889B0621870651700CF8580 /* Debug */,
				2889B0631870651700CF8580 /* Release */,
			);
			defaultConfigurationIsVisible = 0;
			defaultConfigurationName = Release;
		};
/* End XCConfigurationList section */

/* Begin XCVersionGroup section */
		282F2F211877AC81004566D0 /* BeesChestData.xcdatamodeld */ = {
			isa = XCVersionGroup;
			children = (
				282F2F221877AC81004566D0 /* BeesChestData.xcdatamodel */,
			);
			currentVersion = 282F2F221877AC81004566D0 /* BeesChestData.xcdatamodel */;
			path = BeesChestData.xcdatamodeld;
			sourceTree = "<group>";
			versionGroupType = wrapper.xcdatamodel;
		};
/* End XCVersionGroup section */
	};
	rootObject = 2889B0241870651700CF8580 /* Project object */;
}
